
Microsoft Visual Studio Solution File, Format Version 12.00
# Visual Studio Version 16
VisualStudioVersion = 16.0.29102.190
MinimumVisualStudioVersion = 10.0.40219.1
Project("{FAE04EC0-301F-11D3-BF4B-00C04F79EFBC}") = "Payway", "Payway\Payway.csproj", "{6A33449A-AE7D-41A5-B831-C5500AC476ED}"
EndProject
Project("{FAE04EC0-301F-11D3-BF4B-00C04F79EFBC}") = "Payway.Services", "Payway.Services\Payway.Services.csproj", "{C8D238A5-A2B0-455F-85F7-E099DDD5D805}"
EndProject
Project("{FAE04EC0-301F-11D3-BF4B-00C04F79EFBC}") = "Payway.Persistence", "Payway.Persistence\Payway.Persistence.csproj", "{DE9DD606-921F-4C07-9C57-38912879D5D9}"
EndProject
Project("{FAE04EC0-301F-11D3-BF4B-00C04F79EFBC}") = "Payway.Entity", "Payway.Entity\Payway.Entity.csproj", "{DF2FF29D-7176-4C6C-A6EB-B71EB79A5520}"
EndProject
Global
	GlobalSection(SolutionConfigurationPlatforms) = preSolution
		Debug|Any CPU = Debug|Any CPU
		Release|Any CPU = Release|Any CPU
	EndGlobalSection
	GlobalSection(ProjectConfigurationPlatforms) = postSolution
		{6A33449A-AE7D-41A5-B831-C5500AC476ED}.Debug|Any CPU.ActiveCfg = Debug|Any CPU
		{6A33449A-AE7D-41A5-B831-C5500AC476ED}.Debug|Any CPU.Build.0 = Debug|Any CPU
		{6A33449A-AE7D-41A5-B831-C5500AC476ED}.Release|Any CPU.ActiveCfg = Release|Any CPU
		{6A33449A-AE7D-41A5-B831-C5500AC476ED}.Release|Any CPU.Build.0 = Release|Any CPU
		{C8D238A5-A2B0-455F-85F7-E099DDD5D805}.Debug|Any CPU.ActiveCfg = Debug|Any CPU
		{C8D238A5-A2B0-455F-85F7-E099DDD5D805}.Debug|Any CPU.Build.0 = Debug|Any CPU
		{C8D238A5-A2B0-455F-85F7-E099DDD5D805}.Release|Any CPU.ActiveCfg = Release|Any CPU
		{C8D238A5-A2B0-455F-85F7-E099DDD5D805}.Release|Any CPU.Build.0 = Release|Any CPU
		{DE9DD606-921F-4C07-9C57-38912879D5D9}.Debug|Any CPU.ActiveCfg = Debug|Any CPU
		{DE9DD606-921F-4C07-9C57-38912879D5D9}.Debug|Any CPU.Build.0 = Debug|Any CPU
		{DE9DD606-921F-4C07-9C57-38912879D5D9}.Release|Any CPU.ActiveCfg = Release|Any CPU
		{DE9DD606-921F-4C07-9C57-38912879D5D9}.Release|Any CPU.Build.0 = Release|Any CPU
		{DF2FF29D-7176-4C6C-A6EB-B71EB79A5520}.Debug|Any CPU.ActiveCfg = Debug|Any CPU
		{DF2FF29D-7176-4C6C-A6EB-B71EB79A5520}.Debug|Any CPU.Build.0 = Debug|Any CPU
		{DF2FF29D-7176-4C6C-A6EB-B71EB79A5520}.Release|Any CPU.ActiveCfg = Release|Any CPU
		{DF2FF29D-7176-4C6C-A6EB-B71EB79A5520}.Release|Any CPU.Build.0 = Release|Any CPU
	EndGlobalSection
	GlobalSection(SolutionProperties) = preSolution
		HideSolutionNode = FALSE
	EndGlobalSection
	GlobalSection(ExtensibilityGlobals) = postSolution
		SolutionGuid = {954064D2-2BAB-4313-9CC9-D6A7BD14E1AD}
	EndGlobalSection
EndGlobal
